// !$*UTF8*$!
{
	archiveVersion = 1;
	classes = {
	};
	objectVersion = 46;
	objects = {

/* Begin PBXBuildFile section */
		67B31CB01991B6E600485A73 /* Foundation.framework in Frameworks */ = {isa = PBXBuildFile; fileRef = 67B31CAF1991B6E600485A73 /* Foundation.framework */; };
		67B31CB21991B6E600485A73 /* CoreGraphics.framework in Frameworks */ = {isa = PBXBuildFile; fileRef = 67B31CB11991B6E600485A73 /* CoreGraphics.framework */; };
		67B31CB41991B6E600485A73 /* UIKit.framework in Frameworks */ = {isa = PBXBuildFile; fileRef = 67B31CB31991B6E600485A73 /* UIKit.framework */; };
		67B31CBA1991B6E600485A73 /* InfoPlist.strings in Resources */ = {isa = PBXBuildFile; fileRef = 67B31CB81991B6E600485A73 /* InfoPlist.strings */; };
		67B31CBC1991B6E600485A73 /* main.m in Sources */ = {isa = PBXBuildFile; fileRef = 67B31CBB1991B6E600485A73 /* main.m */; };
		67B31CC01991B6E600485A73 /* AppDelegate.m in Sources */ = {isa = PBXBuildFile; fileRef = 67B31CBF1991B6E600485A73 /* AppDelegate.m */; };
		67B31CC21991B6E600485A73 /* Images.xcassets in Resources */ = {isa = PBXBuildFile; fileRef = 67B31CC11991B6E600485A73 /* Images.xcassets */; };
		67B31CC91991B6E600485A73 /* XCTest.framework in Frameworks */ = {isa = PBXBuildFile; fileRef = 67B31CC81991B6E600485A73 /* XCTest.framework */; };
		67B31CCA1991B6E600485A73 /* Foundation.framework in Frameworks */ = {isa = PBXBuildFile; fileRef = 67B31CAF1991B6E600485A73 /* Foundation.framework */; };
		67B31CCB1991B6E600485A73 /* UIKit.framework in Frameworks */ = {isa = PBXBuildFile; fileRef = 67B31CB31991B6E600485A73 /* UIKit.framework */; };
		67B31CD31991B6E600485A73 /* InfoPlist.strings in Resources */ = {isa = PBXBuildFile; fileRef = 67B31CD11991B6E600485A73 /* InfoPlist.strings */; };
		67B31CD51991B6E600485A73 /* LongPressSingleDemoTests.m in Sources */ = {isa = PBXBuildFile; fileRef = 67B31CD41991B6E600485A73 /* LongPressSingleDemoTests.m */; };
		67B31CE01991BA2100485A73 /* ViewController.m in Sources */ = {isa = PBXBuildFile; fileRef = 67B31CDF1991BA2100485A73 /* ViewController.m */; };
		67B31CE31991BA7900485A73 /* DemoCollectionView.m in Sources */ = {isa = PBXBuildFile; fileRef = 67B31CE21991BA7900485A73 /* DemoCollectionView.m */; };
		67B31CE61991BA9B00485A73 /* DemoCollectionCell.m in Sources */ = {isa = PBXBuildFile; fileRef = 67B31CE51991BA9B00485A73 /* DemoCollectionCell.m */; };
		67B31CE91991BC3F00485A73 /* LongPressControl.m in Sources */ = {isa = PBXBuildFile; fileRef = 67B31CE81991BC3F00485A73 /* LongPressControl.m */; };
/* End PBXBuildFile section */

/* Begin PBXContainerItemProxy section */
		67B31CCC1991B6E600485A73 /* PBXContainerItemProxy */ = {
			isa = PBXContainerItemProxy;
			containerPortal = 67B31CA41991B6E600485A73 /* Project object */;
			proxyType = 1;
			remoteGlobalIDString = 67B31CAB1991B6E600485A73;
			remoteInfo = LongPressSingleDemo;
		};
/* End PBXContainerItemProxy section */

/* Begin PBXFileReference section */
		67B31CAC1991B6E600485A73 /* LongPressSingleDemo.app */ = {isa = PBXFileReference; explicitFileType = wrapper.application; includeInIndex = 0; path = LongPressSingleDemo.app; sourceTree = BUILT_PRODUCTS_DIR; };
		67B31CAF1991B6E600485A73 /* Foundation.framework */ = {isa = PBXFileReference; lastKnownFileType = wrapper.framework; name = Foundation.framework; path = System/Library/Frameworks/Foundation.framework; sourceTree = SDKROOT; };
		67B31CB11991B6E600485A73 /* CoreGraphics.framework */ = {isa = PBXFileReference; lastKnownFileType = wrapper.framework; name = CoreGraphics.framework; path = System/Library/Frameworks/CoreGraphics.framework; sourceTree = SDKROOT; };
		67B31CB31991B6E600485A73 /* UIKit.framework */ = {isa = PBXFileReference; lastKnownFileType = wrapper.framework; name = UIKit.framework; path = System/Library/Frameworks/UIKit.framework; sourceTree = SDKROOT; };
		67B31CB71991B6E600485A73 /* LongPressSingleDemo-Info.plist */ = {isa = PBXFileReference; lastKnownFileType = text.plist.xml; path = "LongPressSingleDemo-Info.plist"; sourceTree = "<group>"; };
		67B31CB91991B6E600485A73 /* en */ = {isa = PBXFileReference; lastKnownFileType = text.plist.strings; name = en; path = en.lproj/InfoPlist.strings; sourceTree = "<group>"; };
		67B31CBB1991B6E600485A73 /* main.m */ = {isa = PBXFileReference; lastKnownFileType = sourcecode.c.objc; path = main.m; sourceTree = "<group>"; };
		67B31CBD1991B6E600485A73 /* LongPressSingleDemo-Prefix.pch */ = {isa = PBXFileReference; lastKnownFileType = sourcecode.c.h; path = "LongPressSingleDemo-Prefix.pch"; sourceTree = "<group>"; };
		67B31CBE1991B6E600485A73 /* AppDelegate.h */ = {isa = PBXFileReference; lastKnownFileType = sourcecode.c.h; path = AppDelegate.h; sourceTree = "<group>"; };
		67B31CBF1991B6E600485A73 /* AppDelegate.m */ = {isa = PBXFileReference; lastKnownFileType = sourcecode.c.objc; path = AppDelegate.m; sourceTree = "<group>"; };
		67B31CC11991B6E600485A73 /* Images.xcassets */ = {isa = PBXFileReference; lastKnownFileType = folder.assetcatalog; path = Images.xcassets; sourceTree = "<group>"; };
		67B31CC71991B6E600485A73 /* LongPressSingleDemoTests.xctest */ = {isa = PBXFileReference; explicitFileType = wrapper.cfbundle; includeInIndex = 0; path = LongPressSingleDemoTests.xctest; sourceTree = BUILT_PRODUCTS_DIR; };
		67B31CC81991B6E600485A73 /* XCTest.framework */ = {isa = PBXFileReference; lastKnownFileType = wrapper.framework; name = XCTest.framework; path = Library/Frameworks/XCTest.framework; sourceTree = DEVELOPER_DIR; };
		67B31CD01991B6E600485A73 /* LongPressSingleDemoTests-Info.plist */ = {isa = PBXFileReference; lastKnownFileType = text.plist.xml; path = "LongPressSingleDemoTests-Info.plist"; sourceTree = "<group>"; };
		67B31CD21991B6E600485A73 /* en */ = {isa = PBXFileReference; lastKnownFileType = text.plist.strings; name = en; path = en.lproj/InfoPlist.strings; sourceTree = "<group>"; };
		67B31CD41991B6E600485A73 /* LongPressSingleDemoTests.m */ = {isa = PBXFileReference; lastKnownFileType = sourcecode.c.objc; path = LongPressSingleDemoTests.m; sourceTree = "<group>"; };
		67B31CDE1991BA2100485A73 /* ViewController.h */ = {isa = PBXFileReference; fileEncoding = 4; lastKnownFileType = sourcecode.c.h; path = ViewController.h; sourceTree = "<group>"; };
		67B31CDF1991BA2100485A73 /* ViewController.m */ = {isa = PBXFileReference; fileEncoding = 4; lastKnownFileType = sourcecode.c.objc; path = ViewController.m; sourceTree = "<group>"; };
		67B31CE11991BA7900485A73 /* DemoCollectionView.h */ = {isa = PBXFileReference; fileEncoding = 4; lastKnownFileType = sourcecode.c.h; path = DemoCollectionView.h; sourceTree = "<group>"; };
		67B31CE21991BA7900485A73 /* DemoCollectionView.m */ = {isa = PBXFileReference; fileEncoding = 4; lastKnownFileType = sourcecode.c.objc; path = DemoCollectionView.m; sourceTree = "<group>"; };
		67B31CE41991BA9B00485A73 /* DemoCollectionCell.h */ = {isa = PBXFileReference; fileEncoding = 4; lastKnownFileType = sourcecode.c.h; path = DemoCollectionCell.h; sourceTree = "<group>"; };
		67B31CE51991BA9B00485A73 /* DemoCollectionCell.m */ = {isa = PBXFileReference; fileEncoding = 4; lastKnownFileType = sourcecode.c.objc; path = DemoCollectionCell.m; sourceTree = "<group>"; };
		67B31CE71991BC3F00485A73 /* LongPressControl.h */ = {isa = PBXFileReference; fileEncoding = 4; lastKnownFileType = sourcecode.c.h; path = LongPressControl.h; sourceTree = "<group>"; };
		67B31CE81991BC3F00485A73 /* LongPressControl.m */ = {isa = PBXFileReference; fileEncoding = 4; lastKnownFileType = sourcecode.c.objc; path = LongPressControl.m; sourceTree = "<group>"; };
/* End PBXFileReference section */

/* Begin PBXFrameworksBuildPhase section */
		67B31CA91991B6E600485A73 /* Frameworks */ = {
			isa = PBXFrameworksBuildPhase;
			buildActionMask = 2147483647;
			files = (
				67B31CB21991B6E600485A73 /* CoreGraphics.framework in Frameworks */,
				67B31CB41991B6E600485A73 /* UIKit.framework in Frameworks */,
				67B31CB01991B6E600485A73 /* Foundation.framework in Frameworks */,
			);
			runOnlyForDeploymentPostprocessing = 0;
		};
		67B31CC41991B6E600485A73 /* Frameworks */ = {
			isa = PBXFrameworksBuildPhase;
			buildActionMask = 2147483647;
			files = (
				67B31CC91991B6E600485A73 /* XCTest.framework in Frameworks */,
				67B31CCB1991B6E600485A73 /* UIKit.framework in Frameworks */,
				67B31CCA1991B6E600485A73 /* Foundation.framework in Frameworks */,
			);
			runOnlyForDeploymentPostprocessing = 0;
		};
/* End PBXFrameworksBuildPhase section */

/* Begin PBXGroup section */
		67B31CA31991B6E600485A73 = {
			isa = PBXGroup;
			children = (
				67B31CB51991B6E600485A73 /* LongPressSingleDemo */,
				67B31CCE1991B6E600485A73 /* LongPressSingleDemoTests */,
				67B31CAE1991B6E600485A73 /* Frameworks */,
				67B31CAD1991B6E600485A73 /* Products */,
			);
			sourceTree = "<group>";
		};
		67B31CAD1991B6E600485A73 /* Products */ = {
			isa = PBXGroup;
			children = (
				67B31CAC1991B6E600485A73 /* LongPressSingleDemo.app */,
				67B31CC71991B6E600485A73 /* LongPressSingleDemoTests.xctest */,
			);
			name = Products;
			sourceTree = "<group>";
		};
		67B31CAE1991B6E600485A73 /* Frameworks */ = {
			isa = PBXGroup;
			children = (
				67B31CAF1991B6E600485A73 /* Foundation.framework */,
				67B31CB11991B6E600485A73 /* CoreGraphics.framework */,
				67B31CB31991B6E600485A73 /* UIKit.framework */,
				67B31CC81991B6E600485A73 /* XCTest.framework */,
			);
			name = Frameworks;
			sourceTree = "<group>";
		};
		67B31CB51991B6E600485A73 /* LongPressSingleDemo */ = {
			isa = PBXGroup;
			children = (
				67B31CBE1991B6E600485A73 /* AppDelegate.h */,
				67B31CBF1991B6E600485A73 /* AppDelegate.m */,
				67B31CDE1991BA2100485A73 /* ViewController.h */,
				67B31CDF1991BA2100485A73 /* ViewController.m */,
				67B31CE11991BA7900485A73 /* DemoCollectionView.h */,
				67B31CE21991BA7900485A73 /* DemoCollectionView.m */,
				67B31CE41991BA9B00485A73 /* DemoCollectionCell.h */,
				67B31CE51991BA9B00485A73 /* DemoCollectionCell.m */,
				67B31CE71991BC3F00485A73 /* LongPressControl.h */,
				67B31CE81991BC3F00485A73 /* LongPressControl.m */,
				67B31CC11991B6E600485A73 /* Images.xcassets */,
				67B31CB61991B6E600485A73 /* Supporting Files */,
			);
			path = LongPressSingleDemo;
			sourceTree = "<group>";
		};
		67B31CB61991B6E600485A73 /* Supporting Files */ = {
			isa = PBXGroup;
			children = (
				67B31CB71991B6E600485A73 /* LongPressSingleDemo-Info.plist */,
				67B31CB81991B6E600485A73 /* InfoPlist.strings */,
				67B31CBB1991B6E600485A73 /* main.m */,
				67B31CBD1991B6E600485A73 /* LongPressSingleDemo-Prefix.pch */,
			);
			name = "Supporting Files";
			sourceTree = "<group>";
		};
		67B31CCE1991B6E600485A73 /* LongPressSingleDemoTests */ = {
			isa = PBXGroup;
			children = (
				67B31CD41991B6E600485A73 /* LongPressSingleDemoTests.m */,
				67B31CCF1991B6E600485A73 /* Supporting Files */,
			);
			path = LongPressSingleDemoTests;
			sourceTree = "<group>";
		};
		67B31CCF1991B6E600485A73 /* Supporting Files */ = {
			isa = PBXGroup;
			children = (
				67B31CD01991B6E600485A73 /* LongPressSingleDemoTests-Info.plist */,
				67B31CD11991B6E600485A73 /* InfoPlist.strings */,
			);
			name = "Supporting Files";
			sourceTree = "<group>";
		};
/* End PBXGroup section */

/* Begin PBXNativeTarget section */
		67B31CAB1991B6E600485A73 /* LongPressSingleDemo */ = {
			isa = PBXNativeTarget;
			buildConfigurationList = 67B31CD81991B6E600485A73 /* Build configuration list for PBXNativeTarget "LongPressSingleDemo" */;
			buildPhases = (
				67B31CA81991B6E600485A73 /* Sources */,
				67B31CA91991B6E600485A73 /* Frameworks */,
				67B31CAA1991B6E600485A73 /* Resources */,
			);
			buildRules = (
			);
			dependencies = (
			);
			name = LongPressSingleDemo;
			productName = LongPressSingleDemo;
			productReference = 67B31CAC1991B6E600485A73 /* LongPressSingleDemo.app */;
			productType = "com.apple.product-type.application";
		};
		67B31CC61991B6E600485A73 /* LongPressSingleDemoTests */ = {
			isa = PBXNativeTarget;
			buildConfigurationList = 67B31CDB1991B6E600485A73 /* Build configuration list for PBXNativeTarget "LongPressSingleDemoTests" */;
			buildPhases = (
				67B31CC31991B6E600485A73 /* Sources */,
				67B31CC41991B6E600485A73 /* Frameworks */,
				67B31CC51991B6E600485A73 /* Resources */,
			);
			buildRules = (
			);
			dependencies = (
				67B31CCD1991B6E600485A73 /* PBXTargetDependency */,
			);
			name = LongPressSingleDemoTests;
			productName = LongPressSingleDemoTests;
			productReference = 67B31CC71991B6E600485A73 /* LongPressSingleDemoTests.xctest */;
			productType = "com.apple.product-type.bundle.unit-test";
		};
/* End PBXNativeTarget section */

/* Begin PBXProject section */
		67B31CA41991B6E600485A73 /* Project object */ = {
			isa = PBXProject;
			attributes = {
				LastUpgradeCheck = 0510;
				ORGANIZATIONNAME = "林峰";
				TargetAttributes = {
					67B31CC61991B6E600485A73 = {
						TestTargetID = 67B31CAB1991B6E600485A73;
					};
				};
			};
			buildConfigurationList = 67B31CA71991B6E600485A73 /* Build configuration list for PBXProject "LongPressSingleDemo" */;
			compatibilityVersion = "Xcode 3.2";
			developmentRegion = English;
			hasScannedForEncodings = 0;
			knownRegions = (
				en,
			);
			mainGroup = 67B31CA31991B6E600485A73;
			productRefGroup = 67B31CAD1991B6E600485A73 /* Products */;
			projectDirPath = "";
			projectRoot = "";
			targets = (
				67B31CAB1991B6E600485A73 /* LongPressSingleDemo */,
				67B31CC61991B6E600485A73 /* LongPressSingleDemoTests */,
			);
		};
/* End PBXProject section */

/* Begin PBXResourcesBuildPhase section */
		67B31CAA1991B6E600485A73 /* Resources */ = {
			isa = PBXResourcesBuildPhase;
			buildActionMask = 2147483647;
			files = (
				67B31CBA1991B6E600485A73 /* InfoPlist.strings in Resources */,
				67B31CC21991B6E600485A73 /* Images.xcassets in Resources */,
			);
			runOnlyForDeploymentPostprocessing = 0;
		};
		67B31CC51991B6E600485A73 /* Resources */ = {
			isa = PBXResourcesBuildPhase;
			buildActionMask = 2147483647;
			files = (
				67B31CD31991B6E600485A73 /* InfoPlist.strings in Resources */,
			);
			runOnlyForDeploymentPostprocessing = 0;
		};
/* End PBXResourcesBuildPhase section */

/* Begin PBXSourcesBuildPhase section */
		67B31CA81991B6E600485A73 /* Sources */ = {
			isa = PBXSourcesBuildPhase;
			buildActionMask = 2147483647;
			files = (
				67B31CE01991BA2100485A73 /* ViewController.m in Sources */,
				67B31CC01991B6E600485A73 /* AppDelegate.m in Sources */,
				67B31CBC1991B6E600485A73 /* main.m in Sources */,
				67B31CE31991BA7900485A73 /* DemoCollectionView.m in Sources */,
				67B31CE61991BA9B00485A73 /* DemoCollectionCell.m in Sources */,
				67B31CE91991BC3F00485A73 /* LongPressControl.m in Sources */,
			);
			runOnlyForDeploymentPostprocessing = 0;
		};
		67B31CC31991B6E600485A73 /* Sources */ = {
			isa = PBXSourcesBuildPhase;
			buildActionMask = 2147483647;
			files = (
				67B31CD51991B6E600485A73 /* LongPressSingleDemoTests.m in Sources */,
			);
			runOnlyForDeploymentPostprocessing = 0;
		};
/* End PBXSourcesBuildPhase section */

/* Begin PBXTargetDependency section */
		67B31CCD1991B6E600485A73 /* PBXTargetDependency */ = {
			isa = PBXTargetDependency;
			target = 67B31CAB1991B6E600485A73 /* LongPressSingleDemo */;
			targetProxy = 67B31CCC1991B6E600485A73 /* PBXContainerItemProxy */;
		};
/* End PBXTargetDependency section */

/* Begin PBXVariantGroup section */
		67B31CB81991B6E600485A73 /* InfoPlist.strings */ = {
			isa = PBXVariantGroup;
			children = (
				67B31CB91991B6E600485A73 /* en */,
			);
			name = InfoPlist.strings;
			sourceTree = "<group>";
		};
		67B31CD11991B6E600485A73 /* InfoPlist.strings */ = {
			isa = PBXVariantGroup;
			children = (
				67B31CD21991B6E600485A73 /* en */,
			);
			name = InfoPlist.strings;
			sourceTree = "<group>";
		};
/* End PBXVariantGroup section */

/* Begin XCBuildConfiguration section */
		67B31CD61991B6E600485A73 /* Debug */ = {
			isa = XCBuildConfiguration;
			buildSettings = {
				ALWAYS_SEARCH_USER_PATHS = NO;
				CLANG_CXX_LANGUAGE_STANDARD = "gnu++0x";
				CLANG_CXX_LIBRARY = "libc++";
				CLANG_ENABLE_MODULES = YES;
				CLANG_ENABLE_OBJC_ARC = YES;
				CLANG_WARN_BOOL_CONVERSION = YES;
				CLANG_WARN_CONSTANT_CONVERSION = YES;
				CLANG_WARN_DIRECT_OBJC_ISA_USAGE = YES_ERROR;
				CLANG_WARN_EMPTY_BODY = YES;
				CLANG_WARN_ENUM_CONVERSION = YES;
				CLANG_WARN_INT_CONVERSION = YES;
				CLANG_WARN_OBJC_ROOT_CLASS = YES_ERROR;
				CLANG_WARN__DUPLICATE_METHOD_MATCH = YES;
				"CODE_SIGN_IDENTITY[sdk=iphoneos*]" = "iPhone Developer";
				COPY_PHASE_STRIP = NO;
				GCC_C_LANGUAGE_STANDARD = gnu99;
				GCC_DYNAMIC_NO_PIC = NO;
				GCC_OPTIMIZATION_LEVEL = 0;
				GCC_PREPROCESSOR_DEFINITIONS = (
					"DEBUG=1",
					"$(inherited)",
				);
				GCC_SYMBOLS_PRIVATE_EXTERN = NO;
				GCC_WARN_64_TO_32_BIT_CONVERSION = YES;
				GCC_WARN_ABOUT_RETURN_TYPE = YES_ERROR;
				GCC_WARN_UNDECLARED_SELECTOR = YES;
				GCC_WARN_UNINITIALIZED_AUTOS = YES_AGGRESSIVE;
				GCC_WARN_UNUSED_FUNCTION = YES;
				GCC_WARN_UNUSED_VARIABLE = YES;
				IPHONEOS_DEPLOYMENT_TARGET = 7.1;
				ONLY_ACTIVE_ARCH = YES;
				SDKROOT = iphoneos;
			};
			name = Debug;
		};
		67B31CD71991B6E600485A73 /* Release */ = {
			isa = XCBuildConfiguration;
			buildSettings = {
				ALWAYS_SEARCH_USER_PATHS = NO;
				CLANG_CXX_LANGUAGE_STANDARD = "gnu++0x";
				CLANG_CXX_LIBRARY = "libc++";
				CLANG_ENABLE_MODULES = YES;
				CLANG_ENABLE_OBJC_ARC = YES;
				CLANG_WARN_BOOL_CONVERSION = YES;
				CLANG_WARN_CONSTANT_CONVERSION = YES;
				CLANG_WARN_DIRECT_OBJC_ISA_USAGE = YES_ERROR;
				CLANG_WARN_EMPTY_BODY = YES;
				CLANG_WARN_ENUM_CONVERSION = YES;
				CLANG_WARN_INT_CONVERSION = YES;
				CLANG_WARN_OBJC_ROOT_CLASS = YES_ERROR;
				CLANG_WARN__DUPLICATE_METHOD_MATCH = YES;
				"CODE_SIGN_IDENTITY[sdk=iphoneos*]" = "iPhone Developer";
				COPY_PHASE_STRIP = YES;
				ENABLE_NS_ASSERTIONS = NO;
				GCC_C_LANGUAGE_STANDARD = gnu99;
				GCC_WARN_64_TO_32_BIT_CONVERSION = YES;
				GCC_WARN_ABOUT_RETURN_TYPE = YES_ERROR;
				GCC_WARN_UNDECLARED_SELECTOR = YES;
				GCC_WARN_UNINITIALIZED_AUTOS = YES_AGGRESSIVE;
				GCC_WARN_UNUSED_FUNCTION = YES;
				GCC_WARN_UNUSED_VARIABLE = YES;
				IPHONEOS_DEPLOYMENT_TARGET = 7.1;
				SDKROOT = iphoneos;
				VALIDATE_PRODUCT = YES;
			};
			name = Release;
		};
		67B31CD91991B6E600485A73 /* Debug */ = {
			isa = XCBuildConfiguration;
			buildSettings = {
				ASSETCATALOG_COMPILER_APPICON_NAME = AppIcon;
				ASSETCATALOG_COMPILER_LAUNCHIMAGE_NAME = LaunchImage;
				GCC_PRECOMPILE_PREFIX_HEADER = YES;
				GCC_PREFIX_HEADER = "LongPressSingleDemo/LongPressSingleDemo-Prefix.pch";
				INFOPLIST_FILE = "LongPressSingleDemo/LongPressSingleDemo-Info.plist";
				PRODUCT_NAME = "$(TARGET_NAME)";
				WRAPPER_EXTENSION = app;
			};
			name = Debug;
		};
		67B31CDA1991B6E600485A73 /* Release */ = {
			isa = XCBuildConfiguration;
			buildSettings = {
				ASSETCATALOG_COMPILER_APPICON_NAME = AppIcon;
				ASSETCATALOG_COMPILER_LAUNCHIMAGE_NAME = LaunchImage;
				GCC_PRECOMPILE_PREFIX_HEADER = YES;
				GCC_PREFIX_HEADER = "LongPressSingleDemo/LongPressSingleDemo-Prefix.pch";
				INFOPLIST_FILE = "LongPressSingleDemo/LongPressSingleDemo-Info.plist";
				PRODUCT_NAME = "$(TARGET_NAME)";
				WRAPPER_EXTENSION = app;
			};
			name = Release;
		};
		67B31CDC1991B6E600485A73 /* Debug */ = {
			isa = XCBuildConfiguration;
			buildSettings = {
				BUNDLE_LOADER = "$(BUILT_PRODUCTS_DIR)/LongPressSingleDemo.app/LongPressSingleDemo";
				FRAMEWORK_SEARCH_PATHS = (
					"$(SDKROOT)/Developer/Library/Frameworks",
					"$(inherited)",
					"$(DEVELOPER_FRAMEWORKS_DIR)",
				);
				GCC_PRECOMPILE_PREFIX_HEADER = YES;
				GCC_PREFIX_HEADER = "LongPressSingleDemo/LongPressSingleDemo-Prefix.pch";
				GCC_PREPROCESSOR_DEFINITIONS = (
					"DEBUG=1",
					"$(inherited)",
				);
				INFOPLIST_FILE = "LongPressSingleDemoTests/LongPressSingleDemoTests-Info.plist";
				PRODUCT_NAME = "$(TARGET_NAME)";
				TEST_HOST = "$(BUNDLE_LOADER)";
				WRAPPER_EXTENSION = xctest;
			};
			name = Debug;
		};
		67B31CDD1991B6E600485A73 /* Release */ = {
			isa = XCBuildConfiguration;
			buildSettings = {
				BUNDLE_LOADER = "$(BUILT_PRODUCTS_DIR)/LongPressSingleDemo.app/LongPressSingleDemo";
				FRAMEWORK_SEARCH_PATHS = (
					"$(SDKROOT)/Developer/Library/Frameworks",
					"$(inherited)",
					"$(DEVELOPER_FRAMEWORKS_DIR)",
				);
				GCC_PRECOMPILE_PREFIX_HEADER = YES;
				GCC_PREFIX_HEADER = "LongPressSingleDemo/LongPressSingleDemo-Prefix.pch";
				INFOPLIST_FILE = "LongPressSingleDemoTests/LongPressSingleDemoTests-Info.plist";
				PRODUCT_NAME = "$(TARGET_NAME)";
				TEST_HOST = "$(BUNDLE_LOADER)";
				WRAPPER_EXTENSION = xctest;
			};
			name = Release;
		};
/* End XCBuildConfiguration section */

/* Begin XCConfigurationList section */
		67B31CA71991B6E600485A73 /* Build configuration list for PBXProject "LongPressSingleDemo" */ = {
			isa = XCConfigurationList;
			buildConfigurations = (
				67B31CD61991B6E600485A73 /* Debug */,
				67B31CD71991B6E600485A73 /* Release */,
			);
			defaultConfigurationIsVisible = 0;
			defaultConfigurationName = Release;
		};
		67B31CD81991B6E600485A73 /* Build configuration list for PBXNativeTarget "LongPressSingleDemo" */ = {
			isa = XCConfigurationList;
			buildConfigurations = (
				67B31CD91991B6E600485A73 /* Debug */,
				67B31CDA1991B6E600485A73 /* Release */,
			);
			defaultConfigurationIsVisible = 0;
		};
		67B31CDB1991B6E600485A73 /* Build configuration list for PBXNativeTarget "LongPressSingleDemoTests" */ = {
			isa = XCConfigurationList;
			buildConfigurations = (
				67B31CDC1991B6E600485A73 /* Debug */,
				67B31CDD1991B6E600485A73 /* Release */,
			);
			defaultConfigurationIsVisible = 0;
		};
/* End XCConfigurationList section */
	};
	rootObject = 67B31CA41991B6E600485A73 /* Project object */;
}
